
Microsoft Visual Studio Solution File, Format Version 12.00
# Visual Studio Version 16
VisualStudioVersion = 16.0.29230.47
MinimumVisualStudioVersion = 10.0.40219.1
Project("{FAE04EC0-301F-11D3-BF4B-00C04F79EFBC}") = "л", "л.csproj", "{FD9E4506-C616-4ED6-879E-D4E355B3E677}"
EndProject
Global
	GlobalSection(SolutionConfigurationPlatforms) = preSolution
		Debug|Any CPU = Debug|Any CPU
		Release|Any CPU = Release|Any CPU
	EndGlobalSection
	GlobalSection(ProjectConfigurationPlatforms) = postSolution
		{FD9E4506-C616-4ED6-879E-D4E355B3E677}.Debug|Any CPU.ActiveCfg = Debug|Any CPU
		{FD9E4506-C616-4ED6-879E-D4E355B3E677}.Debug|Any CPU.Build.0 = Debug|Any CPU
		{FD9E4506-C616-4ED6-879E-D4E355B3E677}.Release|Any CPU.ActiveCfg = Release|Any CPU
		{FD9E4506-C616-4ED6-879E-D4E355B3E677}.Release|Any CPU.Build.0 = Release|Any CPU
	EndGlobalSection
	GlobalSection(SolutionProperties) = preSolution
		HideSolutionNode = FALSE
	EndGlobalSection
	GlobalSection(ExtensibilityGlobals) = postSolution
		SolutionGuid = {D439AC79-D70F-4F92-B784-FF947A4C9095}
	EndGlobalSection
EndGlobal
